
Microsoft Visual Studio Solution File, Format Version 12.00
# Visual Studio Version 17
VisualStudioVersion = 17.6.33829.357
MinimumVisualStudioVersion = 10.0.40219.1
Project("{FAE04EC0-301F-11D3-BF4B-00C04F79EFBC}") = "Quiz Maker", "ConsoleApp3\Quiz Maker.csproj", "{A0E05424-AF93-496D-AB9D-F0EB8ACB79D9}"
EndProject
Global
	GlobalSection(SolutionConfigurationPlatforms) = preSolution
		Debug|Any CPU = Debug|Any CPU
		Release|Any CPU = Release|Any CPU
	EndGlobalSection
	GlobalSection(ProjectConfigurationPlatforms) = postSolution
		{A0E05424-AF93-496D-AB9D-F0EB8ACB79D9}.Debug|Any CPU.ActiveCfg = Debug|Any CPU
		{A0E05424-AF93-496D-AB9D-F0EB8ACB79D9}.Debug|Any CPU.Build.0 = Debug|Any CPU
		{A0E05424-AF93-496D-AB9D-F0EB8ACB79D9}.Release|Any CPU.ActiveCfg = Release|Any CPU
		{A0E05424-AF93-496D-AB9D-F0EB8ACB79D9}.Release|Any CPU.Build.0 = Release|Any CPU
	EndGlobalSection
	GlobalSection(SolutionProperties) = preSolution
		HideSolutionNode = FALSE
	EndGlobalSection
	GlobalSection(ExtensibilityGlobals) = postSolution
		SolutionGuid = {50968403-030F-4B57-ABA0-E7D07137ECE4}
	EndGlobalSection
EndGlobal
